
Microsoft Visual Studio Solution File, Format Version 12.00
# Visual Studio Version 16
VisualStudioVersion = 16.0.30225.117
MinimumVisualStudioVersion = 10.0.40219.1
Project("{FAE04EC0-301F-11D3-BF4B-00C04F79EFBC}") = "OrderManagement", "OrderManagement\OrderManagement.csproj", "{09FA4F6B-8D17-4DA6-A2A5-B014A986FF20}"
EndProject
Project("{FAE04EC0-301F-11D3-BF4B-00C04F79EFBC}") = "OrderManagement.Data", "OrderManagement.Data\OrderManagement.Data.csproj", "{FE5C362A-333A-431D-AFFB-958693F08B20}"
EndProject
Project("{FAE04EC0-301F-11D3-BF4B-00C04F79EFBC}") = "OrderManagement.Core", "OrderManagement.Core\OrderManagement.Core.csproj", "{CC78C164-7310-4EAF-AB2F-13EA036C438A}"
EndProject
Global
	GlobalSection(SolutionConfigurationPlatforms) = preSolution
		Debug|Any CPU = Debug|Any CPU
		Release|Any CPU = Release|Any CPU
	EndGlobalSection
	GlobalSection(ProjectConfigurationPlatforms) = postSolution
		{09FA4F6B-8D17-4DA6-A2A5-B014A986FF20}.Debug|Any CPU.ActiveCfg = Debug|Any CPU
		{09FA4F6B-8D17-4DA6-A2A5-B014A986FF20}.Debug|Any CPU.Build.0 = Debug|Any CPU
		{09FA4F6B-8D17-4DA6-A2A5-B014A986FF20}.Release|Any CPU.ActiveCfg = Release|Any CPU
		{09FA4F6B-8D17-4DA6-A2A5-B014A986FF20}.Release|Any CPU.Build.0 = Release|Any CPU
		{FE5C362A-333A-431D-AFFB-958693F08B20}.Debug|Any CPU.ActiveCfg = Debug|Any CPU
		{FE5C362A-333A-431D-AFFB-958693F08B20}.Debug|Any CPU.Build.0 = Debug|Any CPU
		{FE5C362A-333A-431D-AFFB-958693F08B20}.Release|Any CPU.ActiveCfg = Release|Any CPU
		{FE5C362A-333A-431D-AFFB-958693F08B20}.Release|Any CPU.Build.0 = Release|Any CPU
		{CC78C164-7310-4EAF-AB2F-13EA036C438A}.Debug|Any CPU.ActiveCfg = Debug|Any CPU
		{CC78C164-7310-4EAF-AB2F-13EA036C438A}.Debug|Any CPU.Build.0 = Debug|Any CPU
		{CC78C164-7310-4EAF-AB2F-13EA036C438A}.Release|Any CPU.ActiveCfg = Release|Any CPU
		{CC78C164-7310-4EAF-AB2F-13EA036C438A}.Release|Any CPU.Build.0 = Release|Any CPU
	EndGlobalSection
	GlobalSection(SolutionProperties) = preSolution
		HideSolutionNode = FALSE
	EndGlobalSection
	GlobalSection(ExtensibilityGlobals) = postSolution
		SolutionGuid = {C140C110-FA2E-4BE7-94D7-DEDA41ADAC32}
	EndGlobalSection
EndGlobal
